
Microsoft Visual Studio Solution File, Format Version 12.00
# Visual Studio 15
VisualStudioVersion = 15.0.28010.0
MinimumVisualStudioVersion = 10.0.40219.1
Project("{9A19103F-16F7-4668-BE54-9A1E7A4F7556}") = "web-api", "web-api.csproj", "{7ADA36CA-AA54-440C-BE6C-59FA45A3E8AB}"
EndProject
Global
	GlobalSection(SolutionConfigurationPlatforms) = preSolution
		Debug|Any CPU = Debug|Any CPU
		Release|Any CPU = Release|Any CPU
	EndGlobalSection
	GlobalSection(ProjectConfigurationPlatforms) = postSolution
		{7ADA36CA-AA54-440C-BE6C-59FA45A3E8AB}.Debug|Any CPU.ActiveCfg = Debug|Any CPU
		{7ADA36CA-AA54-440C-BE6C-59FA45A3E8AB}.Debug|Any CPU.Build.0 = Debug|Any CPU
		{7ADA36CA-AA54-440C-BE6C-59FA45A3E8AB}.Release|Any CPU.ActiveCfg = Release|Any CPU
		{7ADA36CA-AA54-440C-BE6C-59FA45A3E8AB}.Release|Any CPU.Build.0 = Release|Any CPU
	EndGlobalSection
	GlobalSection(SolutionProperties) = preSolution
		HideSolutionNode = FALSE
	EndGlobalSection
	GlobalSection(ExtensibilityGlobals) = postSolution
		SolutionGuid = {6445ACAA-99F3-4CDF-A76F-3B98D0F0EEF6}
	EndGlobalSection
EndGlobal
